<?xml version="1.0" encoding="utf-8"?>
<Project ToolsVersion="4.0" xmlns="http://schemas.microsoft.com/developer/msbuild/2003">
  <ItemGroup>
    <Filter Include="model">
      <UniqueIdentifier>{a1b2c3d4-0001-0001-0001-000000000001}</UniqueIdentifier>
    </Filter>
    <Filter Include="view">
      <UniqueIdentifier>{a1b2c3d4-0002-0002-0002-000000000002}</UniqueIdentifier>
    </Filter>
    <Filter Include="controller">
      <UniqueIdentifier>{a1b2c3d4-0003-0003-0003-000000000003}</UniqueIdentifier>
    </Filter>
    <Filter Include="lib">
      <UniqueIdentifier>{a1b2c3d4-0004-0004-0004-000000000004}</UniqueIdentifier>
    </Filter>
  </ItemGroup>
  <ItemGroup>
    <ClInclude Include="model\OrderStatus.h">
      <Filter>model</Filter>
    </ClInclude>
    <ClInclude Include="model\Sample.h">
      <Filter>model</Filter>
    </ClInclude>
    <ClInclude Include="model\Order.h">
      <Filter>model</Filter>
    </ClInclude>
    <ClInclude Include="model\SampleRepository.h">
      <Filter>model</Filter>
    </ClInclude>
    <ClInclude Include="model\OrderRepository.h">
      <Filter>model</Filter>
    </ClInclude>
    <ClInclude Include="view\OrderView.h">
      <Filter>view</Filter>
    </ClInclude>
    <ClInclude Include="view\ProductionView.h">
      <Filter>view</Filter>
    </ClInclude>
    <ClInclude Include="controller\OrderController.h">
      <Filter>controller</Filter>
    </ClInclude>
    <ClInclude Include="controller\ProductionController.h">
      <Filter>controller</Filter>
    </ClInclude>
    <ClInclude Include="lib\json.hpp">
      <Filter>lib</Filter>
    </ClInclude>
  </ItemGroup>
  <ItemGroup>
    <ClCompile Include="model\SampleRepository.cpp">
      <Filter>model</Filter>
    </ClCompile>
    <ClCompile Include="model\OrderRepository.cpp">
      <Filter>model</Filter>
    </ClCompile>
    <ClCompile Include="view\OrderView.cpp">
      <Filter>view</Filter>
    </ClCompile>
    <ClCompile Include="view\ProductionView.cpp">
      <Filter>view</Filter>
    </ClCompile>
    <ClCompile Include="controller\OrderController.cpp">
      <Filter>controller</Filter>
    </ClCompile>
    <ClCompile Include="controller\ProductionController.cpp">
      <Filter>controller</Filter>
    </ClCompile>
    <ClCompile Include="main.cpp" />
  </ItemGroup>
</Project>
